// !$*UTF8*$!
{
	archiveVersion = 1;
	classes = {
	};
	objectVersion = 55;
	objects = {

/* Begin PBXBuildFile section */
		480262092943F5E100D22FDA /* AppDelegate.swift in Sources */ = {isa = PBXBuildFile; fileRef = 480262082943F5E100D22FDA /* AppDelegate.swift */; };
		480262102943F5E300D22FDA /* Assets.xcassets in Resources */ = {isa = PBXBuildFile; fileRef = 4802620F2943F5E300D22FDA /* Assets.xcassets */; };
		480262132943F5E300D22FDA /* LaunchScreen.storyboard in Resources */ = {isa = PBXBuildFile; fileRef = 480262112943F5E300D22FDA /* LaunchScreen.storyboard */; };
		4802621D2943F5E300D22FDA /* TVOSDemoTests.swift in Sources */ = {isa = PBXBuildFile; fileRef = 4802621C2943F5E300D22FDA /* TVOSDemoTests.swift */; };
		480262272943F5E300D22FDA /* TVOSDemoUITests.swift in Sources */ = {isa = PBXBuildFile; fileRef = 480262262943F5E300D22FDA /* TVOSDemoUITests.swift */; };
		480262292943F5E300D22FDA /* TVOSDemoUITestsLaunchTests.swift in Sources */ = {isa = PBXBuildFile; fileRef = 480262282943F5E300D22FDA /* TVOSDemoUITestsLaunchTests.swift */; };
		4802623C2943F7C900D22FDA /* MainCoordinator.swift in Sources */ = {isa = PBXBuildFile; fileRef = 4802623B2943F7C900D22FDA /* MainCoordinator.swift */; };
		4802623E2943F89B00D22FDA /* Coordinator.swift in Sources */ = {isa = PBXBuildFile; fileRef = 4802623D2943F89B00D22FDA /* Coordinator.swift */; };
		480262412943F95600D22FDA /* HomeViewController.swift in Sources */ = {isa = PBXBuildFile; fileRef = 480262402943F95600D22FDA /* HomeViewController.swift */; };
		480262432943F96100D22FDA /* HomeView.swift in Sources */ = {isa = PBXBuildFile; fileRef = 480262422943F96100D22FDA /* HomeView.swift */; };
		480262462943FB0D00D22FDA /* BaseViewController.swift in Sources */ = {isa = PBXBuildFile; fileRef = 480262452943FB0D00D22FDA /* BaseViewController.swift */; };
		480262492944036800D22FDA /* AppContainer.swift in Sources */ = {isa = PBXBuildFile; fileRef = 480262482944036800D22FDA /* AppContainer.swift */; };
		54534A6FC0C3DBEC603C544F /* Pods_TVOSDemoTests.framework in Frameworks */ = {isa = PBXBuildFile; fileRef = A58D3F7AB42705B15379BA68 /* Pods_TVOSDemoTests.framework */; };
		86FD05942E53AC0C21B13491 /* Pods_TVOSDemo_TVOSDemoUITests.framework in Frameworks */ = {isa = PBXBuildFile; fileRef = 5500D273CB69E1146715F686 /* Pods_TVOSDemo_TVOSDemoUITests.framework */; };
		D0D3EF2B775EEFE02292121A /* Pods_TVOSDemo.framework in Frameworks */ = {isa = PBXBuildFile; fileRef = 2ECB15228F81A9D06BFAC2C0 /* Pods_TVOSDemo.framework */; };
/* End PBXBuildFile section */

/* Begin PBXContainerItemProxy section */
		480262192943F5E300D22FDA /* PBXContainerItemProxy */ = {
			isa = PBXContainerItemProxy;
			containerPortal = 480261FD2943F5E000D22FDA /* Project object */;
			proxyType = 1;
			remoteGlobalIDString = 480262042943F5E100D22FDA;
			remoteInfo = TVOSDemo;
		};
		480262232943F5E300D22FDA /* PBXContainerItemProxy */ = {
			isa = PBXContainerItemProxy;
			containerPortal = 480261FD2943F5E000D22FDA /* Project object */;
			proxyType = 1;
			remoteGlobalIDString = 480262042943F5E100D22FDA;
			remoteInfo = TVOSDemo;
		};
/* End PBXContainerItemProxy section */

/* Begin PBXFileReference section */
		095D30D5AFEFFBB5B7F5B4F1 /* Pods-TVOSDemo.debug.xcconfig */ = {isa = PBXFileReference; includeInIndex = 1; lastKnownFileType = text.xcconfig; name = "Pods-TVOSDemo.debug.xcconfig"; path = "Target Support Files/Pods-TVOSDemo/Pods-TVOSDemo.debug.xcconfig"; sourceTree = "<group>"; };
		2ECB15228F81A9D06BFAC2C0 /* Pods_TVOSDemo.framework */ = {isa = PBXFileReference; explicitFileType = wrapper.framework; includeInIndex = 0; path = Pods_TVOSDemo.framework; sourceTree = BUILT_PRODUCTS_DIR; };
		480262052943F5E100D22FDA /* TVOSDemo.app */ = {isa = PBXFileReference; explicitFileType = wrapper.application; includeInIndex = 0; path = TVOSDemo.app; sourceTree = BUILT_PRODUCTS_DIR; };
		480262082943F5E100D22FDA /* AppDelegate.swift */ = {isa = PBXFileReference; lastKnownFileType = sourcecode.swift; path = AppDelegate.swift; sourceTree = "<group>"; };
		4802620F2943F5E300D22FDA /* Assets.xcassets */ = {isa = PBXFileReference; lastKnownFileType = folder.assetcatalog; path = Assets.xcassets; sourceTree = "<group>"; };
		480262122943F5E300D22FDA /* Base */ = {isa = PBXFileReference; lastKnownFileType = file.storyboard; name = Base; path = Base.lproj/LaunchScreen.storyboard; sourceTree = "<group>"; };
		480262182943F5E300D22FDA /* TVOSDemoTests.xctest */ = {isa = PBXFileReference; explicitFileType = wrapper.cfbundle; includeInIndex = 0; path = TVOSDemoTests.xctest; sourceTree = BUILT_PRODUCTS_DIR; };
		4802621C2943F5E300D22FDA /* TVOSDemoTests.swift */ = {isa = PBXFileReference; lastKnownFileType = sourcecode.swift; path = TVOSDemoTests.swift; sourceTree = "<group>"; };
		480262222943F5E300D22FDA /* TVOSDemoUITests.xctest */ = {isa = PBXFileReference; explicitFileType = wrapper.cfbundle; includeInIndex = 0; path = TVOSDemoUITests.xctest; sourceTree = BUILT_PRODUCTS_DIR; };
		480262262943F5E300D22FDA /* TVOSDemoUITests.swift */ = {isa = PBXFileReference; lastKnownFileType = sourcecode.swift; path = TVOSDemoUITests.swift; sourceTree = "<group>"; };
		480262282943F5E300D22FDA /* TVOSDemoUITestsLaunchTests.swift */ = {isa = PBXFileReference; lastKnownFileType = sourcecode.swift; path = TVOSDemoUITestsLaunchTests.swift; sourceTree = "<group>"; };
		4802623B2943F7C900D22FDA /* MainCoordinator.swift */ = {isa = PBXFileReference; lastKnownFileType = sourcecode.swift; path = MainCoordinator.swift; sourceTree = "<group>"; };
		4802623D2943F89B00D22FDA /* Coordinator.swift */ = {isa = PBXFileReference; lastKnownFileType = sourcecode.swift; path = Coordinator.swift; sourceTree = "<group>"; };
		480262402943F95600D22FDA /* HomeViewController.swift */ = {isa = PBXFileReference; lastKnownFileType = sourcecode.swift; path = HomeViewController.swift; sourceTree = "<group>"; };
		480262422943F96100D22FDA /* HomeView.swift */ = {isa = PBXFileReference; lastKnownFileType = sourcecode.swift; path = HomeView.swift; sourceTree = "<group>"; };
		480262452943FB0D00D22FDA /* BaseViewController.swift */ = {isa = PBXFileReference; lastKnownFileType = sourcecode.swift; path = BaseViewController.swift; sourceTree = "<group>"; };
		480262482944036800D22FDA /* AppContainer.swift */ = {isa = PBXFileReference; lastKnownFileType = sourcecode.swift; path = AppContainer.swift; sourceTree = "<group>"; };
		5500D273CB69E1146715F686 /* Pods_TVOSDemo_TVOSDemoUITests.framework */ = {isa = PBXFileReference; explicitFileType = wrapper.framework; includeInIndex = 0; path = Pods_TVOSDemo_TVOSDemoUITests.framework; sourceTree = BUILT_PRODUCTS_DIR; };
		55B731D2B74DC2A053756F79 /* Pods-TVOSDemo-TVOSDemoUITests.debug.xcconfig */ = {isa = PBXFileReference; includeInIndex = 1; lastKnownFileType = text.xcconfig; name = "Pods-TVOSDemo-TVOSDemoUITests.debug.xcconfig"; path = "Target Support Files/Pods-TVOSDemo-TVOSDemoUITests/Pods-TVOSDemo-TVOSDemoUITests.debug.xcconfig"; sourceTree = "<group>"; };
		5F293BCFE0FECBD74DC0F3C8 /* Pods-TVOSDemo.release.xcconfig */ = {isa = PBXFileReference; includeInIndex = 1; lastKnownFileType = text.xcconfig; name = "Pods-TVOSDemo.release.xcconfig"; path = "Target Support Files/Pods-TVOSDemo/Pods-TVOSDemo.release.xcconfig"; sourceTree = "<group>"; };
		7B84E6BDEADBBA1543FCE0E4 /* Pods-TVOSDemoTests.release.xcconfig */ = {isa = PBXFileReference; includeInIndex = 1; lastKnownFileType = text.xcconfig; name = "Pods-TVOSDemoTests.release.xcconfig"; path = "Target Support Files/Pods-TVOSDemoTests/Pods-TVOSDemoTests.release.xcconfig"; sourceTree = "<group>"; };
		827A79D93D3CE935DA3673C2 /* Pods-TVOSDemoTests.debug.xcconfig */ = {isa = PBXFileReference; includeInIndex = 1; lastKnownFileType = text.xcconfig; name = "Pods-TVOSDemoTests.debug.xcconfig"; path = "Target Support Files/Pods-TVOSDemoTests/Pods-TVOSDemoTests.debug.xcconfig"; sourceTree = "<group>"; };
		89E9BDA056FEC84E5D9B66DF /* Pods-TVOSDemo-TVOSDemoUITests.release.xcconfig */ = {isa = PBXFileReference; includeInIndex = 1; lastKnownFileType = text.xcconfig; name = "Pods-TVOSDemo-TVOSDemoUITests.release.xcconfig"; path = "Target Support Files/Pods-TVOSDemo-TVOSDemoUITests/Pods-TVOSDemo-TVOSDemoUITests.release.xcconfig"; sourceTree = "<group>"; };
		A58D3F7AB42705B15379BA68 /* Pods_TVOSDemoTests.framework */ = {isa = PBXFileReference; explicitFileType = wrapper.framework; includeInIndex = 0; path = Pods_TVOSDemoTests.framework; sourceTree = BUILT_PRODUCTS_DIR; };
/* End PBXFileReference section */

/* Begin PBXFrameworksBuildPhase section */
		480262022943F5E100D22FDA /* Frameworks */ = {
			isa = PBXFrameworksBuildPhase;
			buildActionMask = 2147483647;
			files = (
				D0D3EF2B775EEFE02292121A /* Pods_TVOSDemo.framework in Frameworks */,
			);
			runOnlyForDeploymentPostprocessing = 0;
		};
		480262152943F5E300D22FDA /* Frameworks */ = {
			isa = PBXFrameworksBuildPhase;
			buildActionMask = 2147483647;
			files = (
				54534A6FC0C3DBEC603C544F /* Pods_TVOSDemoTests.framework in Frameworks */,
			);
			runOnlyForDeploymentPostprocessing = 0;
		};
		4802621F2943F5E300D22FDA /* Frameworks */ = {
			isa = PBXFrameworksBuildPhase;
			buildActionMask = 2147483647;
			files = (
				86FD05942E53AC0C21B13491 /* Pods_TVOSDemo_TVOSDemoUITests.framework in Frameworks */,
			);
			runOnlyForDeploymentPostprocessing = 0;
		};
/* End PBXFrameworksBuildPhase section */

/* Begin PBXGroup section */
		26B25AE0480A9B06113CEBA5 /* Frameworks */ = {
			isa = PBXGroup;
			children = (
				2ECB15228F81A9D06BFAC2C0 /* Pods_TVOSDemo.framework */,
				5500D273CB69E1146715F686 /* Pods_TVOSDemo_TVOSDemoUITests.framework */,
				A58D3F7AB42705B15379BA68 /* Pods_TVOSDemoTests.framework */,
			);
			name = Frameworks;
			sourceTree = "<group>";
		};
		480261FC2943F5E000D22FDA = {
			isa = PBXGroup;
			children = (
				480262072943F5E100D22FDA /* TVOSDemo */,
				4802621B2943F5E300D22FDA /* TVOSDemoTests */,
				480262252943F5E300D22FDA /* TVOSDemoUITests */,
				480262062943F5E100D22FDA /* Products */,
				53BC24A9BF97C911B9A29521 /* Pods */,
				26B25AE0480A9B06113CEBA5 /* Frameworks */,
			);
			sourceTree = "<group>";
		};
		480262062943F5E100D22FDA /* Products */ = {
			isa = PBXGroup;
			children = (
				480262052943F5E100D22FDA /* TVOSDemo.app */,
				480262182943F5E300D22FDA /* TVOSDemoTests.xctest */,
				480262222943F5E300D22FDA /* TVOSDemoUITests.xctest */,
			);
			name = Products;
			sourceTree = "<group>";
		};
		480262072943F5E100D22FDA /* TVOSDemo */ = {
			isa = PBXGroup;
			children = (
				480262362943F5F900D22FDA /* infrastruct */,
				480262352943F5F000D22FDA /* Modules */,
				4802620F2943F5E300D22FDA /* Assets.xcassets */,
				480262112943F5E300D22FDA /* LaunchScreen.storyboard */,
			);
			path = TVOSDemo;
			sourceTree = "<group>";
		};
		4802621B2943F5E300D22FDA /* TVOSDemoTests */ = {
			isa = PBXGroup;
			children = (
				4802621C2943F5E300D22FDA /* TVOSDemoTests.swift */,
			);
			path = TVOSDemoTests;
			sourceTree = "<group>";
		};
		480262252943F5E300D22FDA /* TVOSDemoUITests */ = {
			isa = PBXGroup;
			children = (
				480262262943F5E300D22FDA /* TVOSDemoUITests.swift */,
				480262282943F5E300D22FDA /* TVOSDemoUITestsLaunchTests.swift */,
			);
			path = TVOSDemoUITests;
			sourceTree = "<group>";
		};
		480262352943F5F000D22FDA /* Modules */ = {
			isa = PBXGroup;
			children = (
				480262442943FB0000D22FDA /* Components */,
				4802623F2943F94000D22FDA /* Home */,
			);
			path = Modules;
			sourceTree = "<group>";
		};
		480262362943F5F900D22FDA /* infrastruct */ = {
			isa = PBXGroup;
			children = (
				480262392943F6FB00D22FDA /* DI */,
				480262382943F61700D22FDA /* Coordinator */,
				480262372943F60E00D22FDA /* Common */,
			);
			path = infrastruct;
			sourceTree = "<group>";
		};
		480262372943F60E00D22FDA /* Common */ = {
			isa = PBXGroup;
			children = (
				480262082943F5E100D22FDA /* AppDelegate.swift */,
			);
			path = Common;
			sourceTree = "<group>";
		};
		480262382943F61700D22FDA /* Coordinator */ = {
			isa = PBXGroup;
			children = (
				4802623B2943F7C900D22FDA /* MainCoordinator.swift */,
				4802623D2943F89B00D22FDA /* Coordinator.swift */,
			);
			path = Coordinator;
			sourceTree = "<group>";
		};
		480262392943F6FB00D22FDA /* DI */ = {
			isa = PBXGroup;
			children = (
				480262482944036800D22FDA /* AppContainer.swift */,
			);
			path = DI;
			sourceTree = "<group>";
		};
		4802623F2943F94000D22FDA /* Home */ = {
			isa = PBXGroup;
			children = (
				480262402943F95600D22FDA /* HomeViewController.swift */,
				480262422943F96100D22FDA /* HomeView.swift */,
			);
			path = Home;
			sourceTree = "<group>";
		};
		480262442943FB0000D22FDA /* Components */ = {
			isa = PBXGroup;
			children = (
				480262472943FB1900D22FDA /* ViewController */,
			);
			path = Components;
			sourceTree = "<group>";
		};
		480262472943FB1900D22FDA /* ViewController */ = {
			isa = PBXGroup;
			children = (
				480262452943FB0D00D22FDA /* BaseViewController.swift */,
			);
			path = ViewController;
			sourceTree = "<group>";
		};
		53BC24A9BF97C911B9A29521 /* Pods */ = {
			isa = PBXGroup;
			children = (
				095D30D5AFEFFBB5B7F5B4F1 /* Pods-TVOSDemo.debug.xcconfig */,
				5F293BCFE0FECBD74DC0F3C8 /* Pods-TVOSDemo.release.xcconfig */,
				55B731D2B74DC2A053756F79 /* Pods-TVOSDemo-TVOSDemoUITests.debug.xcconfig */,
				89E9BDA056FEC84E5D9B66DF /* Pods-TVOSDemo-TVOSDemoUITests.release.xcconfig */,
				827A79D93D3CE935DA3673C2 /* Pods-TVOSDemoTests.debug.xcconfig */,
				7B84E6BDEADBBA1543FCE0E4 /* Pods-TVOSDemoTests.release.xcconfig */,
			);
			path = Pods;
			sourceTree = "<group>";
		};
/* End PBXGroup section */

/* Begin PBXNativeTarget section */
		480262042943F5E100D22FDA /* TVOSDemo */ = {
			isa = PBXNativeTarget;
			buildConfigurationList = 4802622C2943F5E300D22FDA /* Build configuration list for PBXNativeTarget "TVOSDemo" */;
			buildPhases = (
				A19FBA44E6C74530152AA62A /* [CP] Check Pods Manifest.lock */,
				480262012943F5E100D22FDA /* Sources */,
				480262022943F5E100D22FDA /* Frameworks */,
				480262032943F5E100D22FDA /* Resources */,
				89088B7F8512A0986226818E /* [CP] Embed Pods Frameworks */,
			);
			buildRules = (
			);
			dependencies = (
			);
			name = TVOSDemo;
			productName = TVOSDemo;
			productReference = 480262052943F5E100D22FDA /* TVOSDemo.app */;
			productType = "com.apple.product-type.application";
		};
		480262172943F5E300D22FDA /* TVOSDemoTests */ = {
			isa = PBXNativeTarget;
			buildConfigurationList = 4802622F2943F5E300D22FDA /* Build configuration list for PBXNativeTarget "TVOSDemoTests" */;
			buildPhases = (
				931B055FF2E296AEC4BE6732 /* [CP] Check Pods Manifest.lock */,
				480262142943F5E300D22FDA /* Sources */,
				480262152943F5E300D22FDA /* Frameworks */,
				480262162943F5E300D22FDA /* Resources */,
			);
			buildRules = (
			);
			dependencies = (
				4802621A2943F5E300D22FDA /* PBXTargetDependency */,
			);
			name = TVOSDemoTests;
			productName = TVOSDemoTests;
			productReference = 480262182943F5E300D22FDA /* TVOSDemoTests.xctest */;
			productType = "com.apple.product-type.bundle.unit-test";
		};
		480262212943F5E300D22FDA /* TVOSDemoUITests */ = {
			isa = PBXNativeTarget;
			buildConfigurationList = 480262322943F5E300D22FDA /* Build configuration list for PBXNativeTarget "TVOSDemoUITests" */;
			buildPhases = (
				18CF0A87FC2FD46103F653F3 /* [CP] Check Pods Manifest.lock */,
				4802621E2943F5E300D22FDA /* Sources */,
				4802621F2943F5E300D22FDA /* Frameworks */,
				480262202943F5E300D22FDA /* Resources */,
				0CB9AA974B2822A44D436F7E /* [CP] Embed Pods Frameworks */,
			);
			buildRules = (
			);
			dependencies = (
				480262242943F5E300D22FDA /* PBXTargetDependency */,
			);
			name = TVOSDemoUITests;
			productName = TVOSDemoUITests;
			productReference = 480262222943F5E300D22FDA /* TVOSDemoUITests.xctest */;
			productType = "com.apple.product-type.bundle.ui-testing";
		};
/* End PBXNativeTarget section */

/* Begin PBXProject section */
		480261FD2943F5E000D22FDA /* Project object */ = {
			isa = PBXProject;
			attributes = {
				BuildIndependentTargetsInParallel = 1;
				LastSwiftUpdateCheck = 1410;
				LastUpgradeCheck = 1410;
				TargetAttributes = {
					480262042943F5E100D22FDA = {
						CreatedOnToolsVersion = 14.1;
					};
					480262172943F5E300D22FDA = {
						CreatedOnToolsVersion = 14.1;
						TestTargetID = 480262042943F5E100D22FDA;
					};
					480262212943F5E300D22FDA = {
						CreatedOnToolsVersion = 14.1;
						TestTargetID = 480262042943F5E100D22FDA;
					};
				};
			};
			buildConfigurationList = 480262002943F5E000D22FDA /* Build configuration list for PBXProject "TVOSDemo" */;
			compatibilityVersion = "Xcode 13.0";
			developmentRegion = en;
			hasScannedForEncodings = 0;
			knownRegions = (
				en,
				Base,
			);
			mainGroup = 480261FC2943F5E000D22FDA;
			productRefGroup = 480262062943F5E100D22FDA /* Products */;
			projectDirPath = "";
			projectRoot = "";
			targets = (
				480262042943F5E100D22FDA /* TVOSDemo */,
				480262172943F5E300D22FDA /* TVOSDemoTests */,
				480262212943F5E300D22FDA /* TVOSDemoUITests */,
			);
		};
/* End PBXProject section */

/* Begin PBXResourcesBuildPhase section */
		480262032943F5E100D22FDA /* Resources */ = {
			isa = PBXResourcesBuildPhase;
			buildActionMask = 2147483647;
			files = (
				480262132943F5E300D22FDA /* LaunchScreen.storyboard in Resources */,
				480262102943F5E300D22FDA /* Assets.xcassets in Resources */,
			);
			runOnlyForDeploymentPostprocessing = 0;
		};
		480262162943F5E300D22FDA /* Resources */ = {
			isa = PBXResourcesBuildPhase;
			buildActionMask = 2147483647;
			files = (
			);
			runOnlyForDeploymentPostprocessing = 0;
		};
		480262202943F5E300D22FDA /* Resources */ = {
			isa = PBXResourcesBuildPhase;
			buildActionMask = 2147483647;
			files = (
			);
			runOnlyForDeploymentPostprocessing = 0;
		};
/* End PBXResourcesBuildPhase section */

/* Begin PBXShellScriptBuildPhase section */
		0CB9AA974B2822A44D436F7E /* [CP] Embed Pods Frameworks */ = {
			isa = PBXShellScriptBuildPhase;
			buildActionMask = 2147483647;
			files = (
			);
			inputFileListPaths = (
				"${PODS_ROOT}/Target Support Files/Pods-TVOSDemo-TVOSDemoUITests/Pods-TVOSDemo-TVOSDemoUITests-frameworks-${CONFIGURATION}-input-files.xcfilelist",
			);
			name = "[CP] Embed Pods Frameworks";
			outputFileListPaths = (
				"${PODS_ROOT}/Target Support Files/Pods-TVOSDemo-TVOSDemoUITests/Pods-TVOSDemo-TVOSDemoUITests-frameworks-${CONFIGURATION}-output-files.xcfilelist",
			);
			runOnlyForDeploymentPostprocessing = 0;
			shellPath = /bin/sh;
			shellScript = "\"${PODS_ROOT}/Target Support Files/Pods-TVOSDemo-TVOSDemoUITests/Pods-TVOSDemo-TVOSDemoUITests-frameworks.sh\"\n";
			showEnvVarsInLog = 0;
		};
		18CF0A87FC2FD46103F653F3 /* [CP] Check Pods Manifest.lock */ = {
			isa = PBXShellScriptBuildPhase;
			buildActionMask = 2147483647;
			files = (
			);
			inputFileListPaths = (
			);
			inputPaths = (
				"${PODS_PODFILE_DIR_PATH}/Podfile.lock",
				"${PODS_ROOT}/Manifest.lock",
			);
			name = "[CP] Check Pods Manifest.lock";
			outputFileListPaths = (
			);
			outputPaths = (
				"$(DERIVED_FILE_DIR)/Pods-TVOSDemo-TVOSDemoUITests-checkManifestLockResult.txt",
			);
			runOnlyForDeploymentPostprocessing = 0;
			shellPath = /bin/sh;
			shellScript = "diff \"${PODS_PODFILE_DIR_PATH}/Podfile.lock\" \"${PODS_ROOT}/Manifest.lock\" > /dev/null\nif [ $? != 0 ] ; then\n    # print error to STDERR\n    echo \"error: The sandbox is not in sync with the Podfile.lock. Run 'pod install' or update your CocoaPods installation.\" >&2\n    exit 1\nfi\n# This output is used by Xcode 'outputs' to avoid re-running this script phase.\necho \"SUCCESS\" > \"${SCRIPT_OUTPUT_FILE_0}\"\n";
			showEnvVarsInLog = 0;
		};
		89088B7F8512A0986226818E /* [CP] Embed Pods Frameworks */ = {
			isa = PBXShellScriptBuildPhase;
			buildActionMask = 2147483647;
			files = (
			);
			inputFileListPaths = (
				"${PODS_ROOT}/Target Support Files/Pods-TVOSDemo/Pods-TVOSDemo-frameworks-${CONFIGURATION}-input-files.xcfilelist",
			);
			name = "[CP] Embed Pods Frameworks";
			outputFileListPaths = (
				"${PODS_ROOT}/Target Support Files/Pods-TVOSDemo/Pods-TVOSDemo-frameworks-${CONFIGURATION}-output-files.xcfilelist",
			);
			runOnlyForDeploymentPostprocessing = 0;
			shellPath = /bin/sh;
			shellScript = "\"${PODS_ROOT}/Target Support Files/Pods-TVOSDemo/Pods-TVOSDemo-frameworks.sh\"\n";
			showEnvVarsInLog = 0;
		};
		931B055FF2E296AEC4BE6732 /* [CP] Check Pods Manifest.lock */ = {
			isa = PBXShellScriptBuildPhase;
			buildActionMask = 2147483647;
			files = (
			);
			inputFileListPaths = (
			);
			inputPaths = (
				"${PODS_PODFILE_DIR_PATH}/Podfile.lock",
				"${PODS_ROOT}/Manifest.lock",
			);
			name = "[CP] Check Pods Manifest.lock";
			outputFileListPaths = (
			);
			outputPaths = (
				"$(DERIVED_FILE_DIR)/Pods-TVOSDemoTests-checkManifestLockResult.txt",
			);
			runOnlyForDeploymentPostprocessing = 0;
			shellPath = /bin/sh;
			shellScript = "diff \"${PODS_PODFILE_DIR_PATH}/Podfile.lock\" \"${PODS_ROOT}/Manifest.lock\" > /dev/null\nif [ $? != 0 ] ; then\n    # print error to STDERR\n    echo \"error: The sandbox is not in sync with the Podfile.lock. Run 'pod install' or update your CocoaPods installation.\" >&2\n    exit 1\nfi\n# This output is used by Xcode 'outputs' to avoid re-running this script phase.\necho \"SUCCESS\" > \"${SCRIPT_OUTPUT_FILE_0}\"\n";
			showEnvVarsInLog = 0;
		};
		A19FBA44E6C74530152AA62A /* [CP] Check Pods Manifest.lock */ = {
			isa = PBXShellScriptBuildPhase;
			buildActionMask = 2147483647;
			files = (
			);
			inputFileListPaths = (
			);
			inputPaths = (
				"${PODS_PODFILE_DIR_PATH}/Podfile.lock",
				"${PODS_ROOT}/Manifest.lock",
			);
			name = "[CP] Check Pods Manifest.lock";
			outputFileListPaths = (
			);
			outputPaths = (
				"$(DERIVED_FILE_DIR)/Pods-TVOSDemo-checkManifestLockResult.txt",
			);
			runOnlyForDeploymentPostprocessing = 0;
			shellPath = /bin/sh;
			shellScript = "diff \"${PODS_PODFILE_DIR_PATH}/Podfile.lock\" \"${PODS_ROOT}/Manifest.lock\" > /dev/null\nif [ $? != 0 ] ; then\n    # print error to STDERR\n    echo \"error: The sandbox is not in sync with the Podfile.lock. Run 'pod install' or update your CocoaPods installation.\" >&2\n    exit 1\nfi\n# This output is used by Xcode 'outputs' to avoid re-running this script phase.\necho \"SUCCESS\" > \"${SCRIPT_OUTPUT_FILE_0}\"\n";
			showEnvVarsInLog = 0;
		};
/* End PBXShellScriptBuildPhase section */

/* Begin PBXSourcesBuildPhase section */
		480262012943F5E100D22FDA /* Sources */ = {
			isa = PBXSourcesBuildPhase;
			buildActionMask = 2147483647;
			files = (
				480262092943F5E100D22FDA /* AppDelegate.swift in Sources */,
				4802623C2943F7C900D22FDA /* MainCoordinator.swift in Sources */,
				4802623E2943F89B00D22FDA /* Coordinator.swift in Sources */,
				480262432943F96100D22FDA /* HomeView.swift in Sources */,
				480262412943F95600D22FDA /* HomeViewController.swift in Sources */,
				480262462943FB0D00D22FDA /* BaseViewController.swift in Sources */,
				480262492944036800D22FDA /* AppContainer.swift in Sources */,
			);
			runOnlyForDeploymentPostprocessing = 0;
		};
		480262142943F5E300D22FDA /* Sources */ = {
			isa = PBXSourcesBuildPhase;
			buildActionMask = 2147483647;
			files = (
				4802621D2943F5E300D22FDA /* TVOSDemoTests.swift in Sources */,
			);
			runOnlyForDeploymentPostprocessing = 0;
		};
		4802621E2943F5E300D22FDA /* Sources */ = {
			isa = PBXSourcesBuildPhase;
			buildActionMask = 2147483647;
			files = (
				480262292943F5E300D22FDA /* TVOSDemoUITestsLaunchTests.swift in Sources */,
				480262272943F5E300D22FDA /* TVOSDemoUITests.swift in Sources */,
			);
			runOnlyForDeploymentPostprocessing = 0;
		};
/* End PBXSourcesBuildPhase section */

/* Begin PBXTargetDependency section */
		4802621A2943F5E300D22FDA /* PBXTargetDependency */ = {
			isa = PBXTargetDependency;
			target = 480262042943F5E100D22FDA /* TVOSDemo */;
			targetProxy = 480262192943F5E300D22FDA /* PBXContainerItemProxy */;
		};
		480262242943F5E300D22FDA /* PBXTargetDependency */ = {
			isa = PBXTargetDependency;
			target = 480262042943F5E100D22FDA /* TVOSDemo */;
			targetProxy = 480262232943F5E300D22FDA /* PBXContainerItemProxy */;
		};
/* End PBXTargetDependency section */

/* Begin PBXVariantGroup section */
		480262112943F5E300D22FDA /* LaunchScreen.storyboard */ = {
			isa = PBXVariantGroup;
			children = (
				480262122943F5E300D22FDA /* Base */,
			);
			name = LaunchScreen.storyboard;
			sourceTree = "<group>";
		};
/* End PBXVariantGroup section */

/* Begin XCBuildConfiguration section */
		4802622A2943F5E300D22FDA /* Debug */ = {
			isa = XCBuildConfiguration;
			buildSettings = {
				ALWAYS_SEARCH_USER_PATHS = NO;
				CLANG_ANALYZER_NONNULL = YES;
				CLANG_ANALYZER_NUMBER_OBJECT_CONVERSION = YES_AGGRESSIVE;
				CLANG_CXX_LANGUAGE_STANDARD = "gnu++20";
				CLANG_ENABLE_MODULES = YES;
				CLANG_ENABLE_OBJC_ARC = YES;
				CLANG_ENABLE_OBJC_WEAK = YES;
				CLANG_WARN_BLOCK_CAPTURE_AUTORELEASING = YES;
				CLANG_WARN_BOOL_CONVERSION = YES;
				CLANG_WARN_COMMA = YES;
				CLANG_WARN_CONSTANT_CONVERSION = YES;
				CLANG_WARN_DEPRECATED_OBJC_IMPLEMENTATIONS = YES;
				CLANG_WARN_DIRECT_OBJC_ISA_USAGE = YES_ERROR;
				CLANG_WARN_DOCUMENTATION_COMMENTS = YES;
				CLANG_WARN_EMPTY_BODY = YES;
				CLANG_WARN_ENUM_CONVERSION = YES;
				CLANG_WARN_INFINITE_RECURSION = YES;
				CLANG_WARN_INT_CONVERSION = YES;
				CLANG_WARN_NON_LITERAL_NULL_CONVERSION = YES;
				CLANG_WARN_OBJC_IMPLICIT_RETAIN_SELF = YES;
				CLANG_WARN_OBJC_LITERAL_CONVERSION = YES;
				CLANG_WARN_OBJC_ROOT_CLASS = YES_ERROR;
				CLANG_WARN_QUOTED_INCLUDE_IN_FRAMEWORK_HEADER = YES;
				CLANG_WARN_RANGE_LOOP_ANALYSIS = YES;
				CLANG_WARN_STRICT_PROTOTYPES = YES;
				CLANG_WARN_SUSPICIOUS_MOVE = YES;
				CLANG_WARN_UNGUARDED_AVAILABILITY = YES_AGGRESSIVE;
				CLANG_WARN_UNREACHABLE_CODE = YES;
				CLANG_WARN__DUPLICATE_METHOD_MATCH = YES;
				COPY_PHASE_STRIP = NO;
				DEBUG_INFORMATION_FORMAT = dwarf;
				ENABLE_STRICT_OBJC_MSGSEND = YES;
				ENABLE_TESTABILITY = YES;
				GCC_C_LANGUAGE_STANDARD = gnu11;
				GCC_DYNAMIC_NO_PIC = NO;
				GCC_NO_COMMON_BLOCKS = YES;
				GCC_OPTIMIZATION_LEVEL = 0;
				GCC_PREPROCESSOR_DEFINITIONS = (
					"DEBUG=1",
					"$(inherited)",
				);
				GCC_WARN_64_TO_32_BIT_CONVERSION = YES;
				GCC_WARN_ABOUT_RETURN_TYPE = YES_ERROR;
				GCC_WARN_UNDECLARED_SELECTOR = YES;
				GCC_WARN_UNINITIALIZED_AUTOS = YES_AGGRESSIVE;
				GCC_WARN_UNUSED_FUNCTION = YES;
				GCC_WARN_UNUSED_VARIABLE = YES;
				MTL_ENABLE_DEBUG_INFO = INCLUDE_SOURCE;
				MTL_FAST_MATH = YES;
				ONLY_ACTIVE_ARCH = YES;
				SDKROOT = appletvos;
				SWIFT_ACTIVE_COMPILATION_CONDITIONS = DEBUG;
				SWIFT_OPTIMIZATION_LEVEL = "-Onone";
				TVOS_DEPLOYMENT_TARGET = 16.1;
			};
			name = Debug;
		};
		4802622B2943F5E300D22FDA /* Release */ = {
			isa = XCBuildConfiguration;
			buildSettings = {
				ALWAYS_SEARCH_USER_PATHS = NO;
				CLANG_ANALYZER_NONNULL = YES;
				CLANG_ANALYZER_NUMBER_OBJECT_CONVERSION = YES_AGGRESSIVE;
				CLANG_CXX_LANGUAGE_STANDARD = "gnu++20";
				CLANG_ENABLE_MODULES = YES;
				CLANG_ENABLE_OBJC_ARC = YES;
				CLANG_ENABLE_OBJC_WEAK = YES;
				CLANG_WARN_BLOCK_CAPTURE_AUTORELEASING = YES;
				CLANG_WARN_BOOL_CONVERSION = YES;
				CLANG_WARN_COMMA = YES;
				CLANG_WARN_CONSTANT_CONVERSION = YES;
				CLANG_WARN_DEPRECATED_OBJC_IMPLEMENTATIONS = YES;
				CLANG_WARN_DIRECT_OBJC_ISA_USAGE = YES_ERROR;
				CLANG_WARN_DOCUMENTATION_COMMENTS = YES;
				CLANG_WARN_EMPTY_BODY = YES;
				CLANG_WARN_ENUM_CONVERSION = YES;
				CLANG_WARN_INFINITE_RECURSION = YES;
				CLANG_WARN_INT_CONVERSION = YES;
				CLANG_WARN_NON_LITERAL_NULL_CONVERSION = YES;
				CLANG_WARN_OBJC_IMPLICIT_RETAIN_SELF = YES;
				CLANG_WARN_OBJC_LITERAL_CONVERSION = YES;
				CLANG_WARN_OBJC_ROOT_CLASS = YES_ERROR;
				CLANG_WARN_QUOTED_INCLUDE_IN_FRAMEWORK_HEADER = YES;
				CLANG_WARN_RANGE_LOOP_ANALYSIS = YES;
				CLANG_WARN_STRICT_PROTOTYPES = YES;
				CLANG_WARN_SUSPICIOUS_MOVE = YES;
				CLANG_WARN_UNGUARDED_AVAILABILITY = YES_AGGRESSIVE;
				CLANG_WARN_UNREACHABLE_CODE = YES;
				CLANG_WARN__DUPLICATE_METHOD_MATCH = YES;
				COPY_PHASE_STRIP = NO;
				DEBUG_INFORMATION_FORMAT = "dwarf-with-dsym";
				ENABLE_NS_ASSERTIONS = NO;
				ENABLE_STRICT_OBJC_MSGSEND = YES;
				GCC_C_LANGUAGE_STANDARD = gnu11;
				GCC_NO_COMMON_BLOCKS = YES;
				GCC_WARN_64_TO_32_BIT_CONVERSION = YES;
				GCC_WARN_ABOUT_RETURN_TYPE = YES_ERROR;
				GCC_WARN_UNDECLARED_SELECTOR = YES;
				GCC_WARN_UNINITIALIZED_AUTOS = YES_AGGRESSIVE;
				GCC_WARN_UNUSED_FUNCTION = YES;
				GCC_WARN_UNUSED_VARIABLE = YES;
				MTL_ENABLE_DEBUG_INFO = NO;
				MTL_FAST_MATH = YES;
				SDKROOT = appletvos;
				SWIFT_COMPILATION_MODE = wholemodule;
				SWIFT_OPTIMIZATION_LEVEL = "-O";
				TVOS_DEPLOYMENT_TARGET = 16.1;
				VALIDATE_PRODUCT = YES;
			};
			name = Release;
		};
		4802622D2943F5E300D22FDA /* Debug */ = {
			isa = XCBuildConfiguration;
			baseConfigurationReference = 095D30D5AFEFFBB5B7F5B4F1 /* Pods-TVOSDemo.debug.xcconfig */;
			buildSettings = {
				ASSETCATALOG_COMPILER_APPICON_NAME = "App Icon & Top Shelf Image";
				ASSETCATALOG_COMPILER_GLOBAL_ACCENT_COLOR_NAME = AccentColor;
				CODE_SIGN_STYLE = Automatic;
				CURRENT_PROJECT_VERSION = 1;
				GENERATE_INFOPLIST_FILE = YES;
				INFOPLIST_KEY_UILaunchStoryboardName = LaunchScreen;
				INFOPLIST_KEY_UIUserInterfaceStyle = Automatic;
				LD_RUNPATH_SEARCH_PATHS = (
					"$(inherited)",
					"@executable_path/Frameworks",
				);
				MARKETING_VERSION = 1.0;
				PRODUCT_BUNDLE_IDENTIFIER = my.TVOSDemo;
				PRODUCT_NAME = "$(TARGET_NAME)";
				SWIFT_EMIT_LOC_STRINGS = YES;
				SWIFT_VERSION = 5.0;
				TARGETED_DEVICE_FAMILY = 3;
			};
			name = Debug;
		};
		4802622E2943F5E300D22FDA /* Release */ = {
			isa = XCBuildConfiguration;
			baseConfigurationReference = 5F293BCFE0FECBD74DC0F3C8 /* Pods-TVOSDemo.release.xcconfig */;
			buildSettings = {
				ASSETCATALOG_COMPILER_APPICON_NAME = "App Icon & Top Shelf Image";
				ASSETCATALOG_COMPILER_GLOBAL_ACCENT_COLOR_NAME = AccentColor;
				CODE_SIGN_STYLE = Automatic;
				CURRENT_PROJECT_VERSION = 1;
				GENERATE_INFOPLIST_FILE = YES;
				INFOPLIST_KEY_UILaunchStoryboardName = LaunchScreen;
				INFOPLIST_KEY_UIUserInterfaceStyle = Automatic;
				LD_RUNPATH_SEARCH_PATHS = (
					"$(inherited)",
					"@executable_path/Frameworks",
				);
				MARKETING_VERSION = 1.0;
				PRODUCT_BUNDLE_IDENTIFIER = my.TVOSDemo;
				PRODUCT_NAME = "$(TARGET_NAME)";
				SWIFT_EMIT_LOC_STRINGS = YES;
				SWIFT_VERSION = 5.0;
				TARGETED_DEVICE_FAMILY = 3;
			};
			name = Release;
		};
		480262302943F5E300D22FDA /* Debug */ = {
			isa = XCBuildConfiguration;
			baseConfigurationReference = 827A79D93D3CE935DA3673C2 /* Pods-TVOSDemoTests.debug.xcconfig */;
			buildSettings = {
				ALWAYS_EMBED_SWIFT_STANDARD_LIBRARIES = YES;
				BUNDLE_LOADER = "$(TEST_HOST)";
				CODE_SIGN_STYLE = Automatic;
				CURRENT_PROJECT_VERSION = 1;
				GENERATE_INFOPLIST_FILE = YES;
				MARKETING_VERSION = 1.0;
				PRODUCT_BUNDLE_IDENTIFIER = my.TVOSDemoTests;
				PRODUCT_NAME = "$(TARGET_NAME)";
				SWIFT_EMIT_LOC_STRINGS = NO;
				SWIFT_VERSION = 5.0;
				TARGETED_DEVICE_FAMILY = 3;
				TEST_HOST = "$(BUILT_PRODUCTS_DIR)/TVOSDemo.app/$(BUNDLE_EXECUTABLE_FOLDER_PATH)/TVOSDemo";
				TVOS_DEPLOYMENT_TARGET = 16.1;
			};
			name = Debug;
		};
		480262312943F5E300D22FDA /* Release */ = {
			isa = XCBuildConfiguration;
			baseConfigurationReference = 7B84E6BDEADBBA1543FCE0E4 /* Pods-TVOSDemoTests.release.xcconfig */;
			buildSettings = {
				ALWAYS_EMBED_SWIFT_STANDARD_LIBRARIES = YES;
				BUNDLE_LOADER = "$(TEST_HOST)";
				CODE_SIGN_STYLE = Automatic;
				CURRENT_PROJECT_VERSION = 1;
				GENERATE_INFOPLIST_FILE = YES;
				MARKETING_VERSION = 1.0;
				PRODUCT_BUNDLE_IDENTIFIER = my.TVOSDemoTests;
				PRODUCT_NAME = "$(TARGET_NAME)";
				SWIFT_EMIT_LOC_STRINGS = NO;
				SWIFT_VERSION = 5.0;
				TARGETED_DEVICE_FAMILY = 3;
				TEST_HOST = "$(BUILT_PRODUCTS_DIR)/TVOSDemo.app/$(BUNDLE_EXECUTABLE_FOLDER_PATH)/TVOSDemo";
				TVOS_DEPLOYMENT_TARGET = 16.1;
			};
			name = Release;
		};
		480262332943F5E300D22FDA /* Debug */ = {
			isa = XCBuildConfiguration;
			baseConfigurationReference = 55B731D2B74DC2A053756F79 /* Pods-TVOSDemo-TVOSDemoUITests.debug.xcconfig */;
			buildSettings = {
				ALWAYS_EMBED_SWIFT_STANDARD_LIBRARIES = YES;
				CODE_SIGN_STYLE = Automatic;
				CURRENT_PROJECT_VERSION = 1;
				GENERATE_INFOPLIST_FILE = YES;
				MARKETING_VERSION = 1.0;
				PRODUCT_BUNDLE_IDENTIFIER = my.TVOSDemoUITests;
				PRODUCT_NAME = "$(TARGET_NAME)";
				SWIFT_EMIT_LOC_STRINGS = NO;
				SWIFT_VERSION = 5.0;
				TARGETED_DEVICE_FAMILY = 3;
				TEST_TARGET_NAME = TVOSDemo;
			};
			name = Debug;
		};
		480262342943F5E300D22FDA /* Release */ = {
			isa = XCBuildConfiguration;
			baseConfigurationReference = 89E9BDA056FEC84E5D9B66DF /* Pods-TVOSDemo-TVOSDemoUITests.release.xcconfig */;
			buildSettings = {
				ALWAYS_EMBED_SWIFT_STANDARD_LIBRARIES = YES;
				CODE_SIGN_STYLE = Automatic;
				CURRENT_PROJECT_VERSION = 1;
				GENERATE_INFOPLIST_FILE = YES;
				MARKETING_VERSION = 1.0;
				PRODUCT_BUNDLE_IDENTIFIER = my.TVOSDemoUITests;
				PRODUCT_NAME = "$(TARGET_NAME)";
				SWIFT_EMIT_LOC_STRINGS = NO;
				SWIFT_VERSION = 5.0;
				TARGETED_DEVICE_FAMILY = 3;
				TEST_TARGET_NAME = TVOSDemo;
			};
			name = Release;
		};
/* End XCBuildConfiguration section */

/* Begin XCConfigurationList section */
		480262002943F5E000D22FDA /* Build configuration list for PBXProject "TVOSDemo" */ = {
			isa = XCConfigurationList;
			buildConfigurations = (
				4802622A2943F5E300D22FDA /* Debug */,
				4802622B2943F5E300D22FDA /* Release */,
			);
			defaultConfigurationIsVisible = 0;
			defaultConfigurationName = Release;
		};
		4802622C2943F5E300D22FDA /* Build configuration list for PBXNativeTarget "TVOSDemo" */ = {
			isa = XCConfigurationList;
			buildConfigurations = (
				4802622D2943F5E300D22FDA /* Debug */,
				4802622E2943F5E300D22FDA /* Release */,
			);
			defaultConfigurationIsVisible = 0;
			defaultConfigurationName = Release;
		};
		4802622F2943F5E300D22FDA /* Build configuration list for PBXNativeTarget "TVOSDemoTests" */ = {
			isa = XCConfigurationList;
			buildConfigurations = (
				480262302943F5E300D22FDA /* Debug */,
				480262312943F5E300D22FDA /* Release */,
			);
			defaultConfigurationIsVisible = 0;
			defaultConfigurationName = Release;
		};
		480262322943F5E300D22FDA /* Build configuration list for PBXNativeTarget "TVOSDemoUITests" */ = {
			isa = XCConfigurationList;
			buildConfigurations = (
				480262332943F5E300D22FDA /* Debug */,
				480262342943F5E300D22FDA /* Release */,
			);
			defaultConfigurationIsVisible = 0;
			defaultConfigurationName = Release;
		};
/* End XCConfigurationList section */
	};
	rootObject = 480261FD2943F5E000D22FDA /* Project object */;
}
